
Microsoft Visual Studio Solution File, Format Version 12.00
# Visual Studio Version 17
VisualStudioVersion = 17.11.35312.102
MinimumVisualStudioVersion = 10.0.40219.1
Project("{2150E333-8FDC-42A3-9474-1A3956D46DE8}") = "01. Clients", "01. Clients", "{6AA32CB5-3E06-4FBB-87DC-6E3577376A16}"
EndProject
Project("{2150E333-8FDC-42A3-9474-1A3956D46DE8}") = "02. Api.GateWay", "02. Api.GateWay", "{18DC9240-13BD-4AA3-AE9B-0E0FF6204C57}"
EndProject
Project("{2150E333-8FDC-42A3-9474-1A3956D46DE8}") = "03. Servicies", "03. Servicies", "{294D08DD-764A-451C-A7D7-BA9EDAABDC73}"
EndProject
Project("{2150E333-8FDC-42A3-9474-1A3956D46DE8}") = "01. HR", "01. HR", "{6CB6A748-A816-4162-B41B-5A7FDDB5F114}"
EndProject
Project("{2150E333-8FDC-42A3-9474-1A3956D46DE8}") = "02. Production", "02. Production", "{492246AB-9511-410D-AF5B-D5F76CDB2A29}"
EndProject
Project("{2150E333-8FDC-42A3-9474-1A3956D46DE8}") = "03. Sales", "03. Sales", "{273FF917-B3A7-4B68-8F43-1CDF53051D99}"
EndProject
Project("{2150E333-8FDC-42A3-9474-1A3956D46DE8}") = "01. Api", "01. Api", "{17B2742B-FA35-4DEF-A7A9-2AD1491FDE37}"
EndProject
Project("{2150E333-8FDC-42A3-9474-1A3956D46DE8}") = "02. Services", "02. Services", "{9244C2BC-D6CA-48CB-971E-E67540530758}"
EndProject
Project("{2150E333-8FDC-42A3-9474-1A3956D46DE8}") = "03. Persistence", "03. Persistence", "{D4F66BF4-7A53-4836-A572-585C1B9F2CA0}"
EndProject
Project("{2150E333-8FDC-42A3-9474-1A3956D46DE8}") = "04. Models", "04. Models", "{7CCF0272-AE4E-43FD-B779-EDCA9B7B14F2}"
EndProject
Project("{2150E333-8FDC-42A3-9474-1A3956D46DE8}") = "05. Testing", "05. Testing", "{42309E8E-5280-4111-A954-E6445584F96A}"
EndProject
Project("{2150E333-8FDC-42A3-9474-1A3956D46DE8}") = "01. Api", "01. Api", "{60C936A2-45BF-410E-A239-9A53D9C87DDF}"
EndProject
Project("{2150E333-8FDC-42A3-9474-1A3956D46DE8}") = "02. Services", "02. Services", "{D7908DBA-B6AF-4DF3-969B-3AF0C788BD5D}"
EndProject
Project("{2150E333-8FDC-42A3-9474-1A3956D46DE8}") = "03. Persistence", "03. Persistence", "{05279215-A962-48DA-BC4C-E01808E2E797}"
EndProject
Project("{2150E333-8FDC-42A3-9474-1A3956D46DE8}") = "04. Models", "04. Models", "{5B20210E-C0F1-4087-857F-7B05F0E4F4AA}"
EndProject
Project("{2150E333-8FDC-42A3-9474-1A3956D46DE8}") = "05. Testing", "05. Testing", "{FBFFBD74-3BCB-4C5B-82EC-D4F7A47DD2C8}"
EndProject
Project("{2150E333-8FDC-42A3-9474-1A3956D46DE8}") = "01. Api", "01. Api", "{7537B2D3-F6AE-4949-8853-1102811B7E8F}"
EndProject
Project("{2150E333-8FDC-42A3-9474-1A3956D46DE8}") = "02. Services", "02. Services", "{F062BCF5-0AC4-49CB-9656-DF99762B7D8F}"
EndProject
Project("{2150E333-8FDC-42A3-9474-1A3956D46DE8}") = "03. Persistence", "03. Persistence", "{575641E5-61B9-4F5C-96C1-96F66F4509D4}"
EndProject
Project("{2150E333-8FDC-42A3-9474-1A3956D46DE8}") = "04. Models", "04. Models", "{80205EC8-DD19-46A6-80D5-CDE2FE00B225}"
EndProject
Project("{2150E333-8FDC-42A3-9474-1A3956D46DE8}") = "05. Testing", "05. Testing", "{84AB82E9-DBC4-4D86-A0DF-59DF8129DBA4}"
EndProject
Project("{9A19103F-16F7-4668-BE54-9A1E7A4F7556}") = "Sales.Api", "src\Services\Sales\Sales.Api\Sales.Api\Sales.Api.csproj", "{A8B775D4-A43C-4B24-A244-36D4675D8D2A}"
EndProject
Project("{9A19103F-16F7-4668-BE54-9A1E7A4F7556}") = "Sales.Services.Orders", "src\Services\Sales\Sales.Services\Sales.Services.Orders\Sales.Services.Orders.csproj", "{E4C5C1BA-365F-414F-A54F-943EE75B33FA}"
EndProject
Project("{9A19103F-16F7-4668-BE54-9A1E7A4F7556}") = "Sales.Persistence.Database", "src\Services\Sales\Sales.Persistence\Sales.Persistence.Database\Sales.Persistence.Database.csproj", "{D7043398-FC3B-471E-B276-161DECD6D10C}"
EndProject
Project("{9A19103F-16F7-4668-BE54-9A1E7A4F7556}") = "Sales.Models.Domain", "src\Services\Sales\Sales.Models\Sales.Models.Domain\Sales.Models.Domain.csproj", "{882D44B3-D32B-4208-9830-4B13447CE1DC}"
EndProject
Project("{9A19103F-16F7-4668-BE54-9A1E7A4F7556}") = "Sales.Test", "src\Services\Sales\Sales.Testing\Sales.Test\Sales.Test.csproj", "{5A5FE304-F3B8-43A1-84A0-4AB811F415B7}"
EndProject
Project("{9A19103F-16F7-4668-BE54-9A1E7A4F7556}") = "Sales.Services.Shippers", "src\Services\Sales\Sales.Services\Sales.Services.Shippers\Sales.Services.Shippers.csproj", "{F796012A-E5BF-4DD8-A9BB-B2B6D82C5EBE}"
EndProject
Project("{FAE04EC0-301F-11D3-BF4B-00C04F79EFBC}") = "Production.Api", "src\Services\Production\Production.Api\Production.Api.csproj", "{2AEE81EE-55E8-4670-A529-5D78CAC9789A}"
EndProject
Project("{FAE04EC0-301F-11D3-BF4B-00C04F79EFBC}") = "Production.Services.Products", "src\Services\Production\Production.Services\Production.Services.Products\Production.Services.Products.csproj", "{11D9BD98-72A1-437E-B09E-E40D085DFDA9}"
EndProject
Project("{FAE04EC0-301F-11D3-BF4B-00C04F79EFBC}") = "Production.Persistence.Database", "src\Services\Production\Production.Pesistence\Production.Persistence.Database\Production.Persistence.Database.csproj", "{9EC8752D-9A1C-4C69-B669-F331C0259119}"
EndProject
Project("{FAE04EC0-301F-11D3-BF4B-00C04F79EFBC}") = "Production.Models.Domain", "src\Services\Production\Production.Models\Production.Models.Domain\Production.Models.Domain.csproj", "{801539FD-F8AB-428E-88FF-B66A4B270D95}"
EndProject
Project("{FAE04EC0-301F-11D3-BF4B-00C04F79EFBC}") = "Production.Test", "src\Services\Production\Production.Testing\Production.Test\Production.Test.csproj", "{1D97BB01-7F4F-4986-90BD-DCD38129B341}"
EndProject
Project("{FAE04EC0-301F-11D3-BF4B-00C04F79EFBC}") = "HR.Api", "src\Services\HR\HR.Api\HR.Api\HR.Api.csproj", "{D79A6321-334F-45BF-8F8B-4B39A20CD207}"
EndProject
Project("{FAE04EC0-301F-11D3-BF4B-00C04F79EFBC}") = "HR.Services.Employees", "src\Services\HR\HR.Services\HR.Services.Employees\HR.Services.Employees.csproj", "{C69AD9AE-7AC4-4CC4-8535-19AFB3840134}"
EndProject
Project("{FAE04EC0-301F-11D3-BF4B-00C04F79EFBC}") = "HR.Persistence.Database", "src\Services\HR\HR.Persistence\HR.Persistence.Database\HR.Persistence.Database.csproj", "{5C7C0737-F8A9-4A0E-81F0-0C08174C9F95}"
EndProject
Project("{FAE04EC0-301F-11D3-BF4B-00C04F79EFBC}") = "HR.Models.Domain", "src\Services\HR\HR.Models\HR.Models.Domain\HR.Models.Domain.csproj", "{DE3452C3-4ECB-48BF-B061-99E8A5CB4AFB}"
EndProject
Project("{FAE04EC0-301F-11D3-BF4B-00C04F79EFBC}") = "HR.Testing.Test", "src\Services\HR\HR.Testing\HR.Testing.Test\HR.Testing.Test.csproj", "{FEBCCB73-35DF-491C-BCB9-D7B95F5899E1}"
EndProject
Project("{FAE04EC0-301F-11D3-BF4B-00C04F79EFBC}") = "Api.Gateway.WebClient", "src\Gateway\Api.Gateway.WebClient\Api.Gateway.WebClient.csproj", "{203C467B-DFDF-4A56-9DAE-26FCBFCD9535}"
EndProject
Project("{FAE04EC0-301F-11D3-BF4B-00C04F79EFBC}") = "Api.Gateway.Models", "src\Gateway\Api.Gateway.Models\Api.Gateway.Models.csproj", "{E7C9183F-0D3C-4D79-85B1-40C319DC6B22}"
EndProject
Project("{FAE04EC0-301F-11D3-BF4B-00C04F79EFBC}") = "Api.Gateway.Proxies", "src\Gateway\Api.Gateway.Proxies\Api.Gateway.Proxies.csproj", "{FD1C6616-86A0-4194-B31F-697A32AF3FDF}"
EndProject
Global
	GlobalSection(SolutionConfigurationPlatforms) = preSolution
		Debug|Any CPU = Debug|Any CPU
		Release|Any CPU = Release|Any CPU
	EndGlobalSection
	GlobalSection(ProjectConfigurationPlatforms) = postSolution
		{A8B775D4-A43C-4B24-A244-36D4675D8D2A}.Debug|Any CPU.ActiveCfg = Debug|Any CPU
		{A8B775D4-A43C-4B24-A244-36D4675D8D2A}.Debug|Any CPU.Build.0 = Debug|Any CPU
		{A8B775D4-A43C-4B24-A244-36D4675D8D2A}.Release|Any CPU.ActiveCfg = Release|Any CPU
		{A8B775D4-A43C-4B24-A244-36D4675D8D2A}.Release|Any CPU.Build.0 = Release|Any CPU
		{E4C5C1BA-365F-414F-A54F-943EE75B33FA}.Debug|Any CPU.ActiveCfg = Debug|Any CPU
		{E4C5C1BA-365F-414F-A54F-943EE75B33FA}.Debug|Any CPU.Build.0 = Debug|Any CPU
		{E4C5C1BA-365F-414F-A54F-943EE75B33FA}.Release|Any CPU.ActiveCfg = Release|Any CPU
		{E4C5C1BA-365F-414F-A54F-943EE75B33FA}.Release|Any CPU.Build.0 = Release|Any CPU
		{D7043398-FC3B-471E-B276-161DECD6D10C}.Debug|Any CPU.ActiveCfg = Debug|Any CPU
		{D7043398-FC3B-471E-B276-161DECD6D10C}.Debug|Any CPU.Build.0 = Debug|Any CPU
		{D7043398-FC3B-471E-B276-161DECD6D10C}.Release|Any CPU.ActiveCfg = Release|Any CPU
		{D7043398-FC3B-471E-B276-161DECD6D10C}.Release|Any CPU.Build.0 = Release|Any CPU
		{882D44B3-D32B-4208-9830-4B13447CE1DC}.Debug|Any CPU.ActiveCfg = Debug|Any CPU
		{882D44B3-D32B-4208-9830-4B13447CE1DC}.Debug|Any CPU.Build.0 = Debug|Any CPU
		{882D44B3-D32B-4208-9830-4B13447CE1DC}.Release|Any CPU.ActiveCfg = Release|Any CPU
		{882D44B3-D32B-4208-9830-4B13447CE1DC}.Release|Any CPU.Build.0 = Release|Any CPU
		{5A5FE304-F3B8-43A1-84A0-4AB811F415B7}.Debug|Any CPU.ActiveCfg = Debug|Any CPU
		{5A5FE304-F3B8-43A1-84A0-4AB811F415B7}.Debug|Any CPU.Build.0 = Debug|Any CPU
		{5A5FE304-F3B8-43A1-84A0-4AB811F415B7}.Release|Any CPU.ActiveCfg = Release|Any CPU
		{5A5FE304-F3B8-43A1-84A0-4AB811F415B7}.Release|Any CPU.Build.0 = Release|Any CPU
		{F796012A-E5BF-4DD8-A9BB-B2B6D82C5EBE}.Debug|Any CPU.ActiveCfg = Debug|Any CPU
		{F796012A-E5BF-4DD8-A9BB-B2B6D82C5EBE}.Debug|Any CPU.Build.0 = Debug|Any CPU
		{F796012A-E5BF-4DD8-A9BB-B2B6D82C5EBE}.Release|Any CPU.ActiveCfg = Release|Any CPU
		{F796012A-E5BF-4DD8-A9BB-B2B6D82C5EBE}.Release|Any CPU.Build.0 = Release|Any CPU
		{2AEE81EE-55E8-4670-A529-5D78CAC9789A}.Debug|Any CPU.ActiveCfg = Debug|Any CPU
		{2AEE81EE-55E8-4670-A529-5D78CAC9789A}.Debug|Any CPU.Build.0 = Debug|Any CPU
		{2AEE81EE-55E8-4670-A529-5D78CAC9789A}.Release|Any CPU.ActiveCfg = Release|Any CPU
		{2AEE81EE-55E8-4670-A529-5D78CAC9789A}.Release|Any CPU.Build.0 = Release|Any CPU
		{11D9BD98-72A1-437E-B09E-E40D085DFDA9}.Debug|Any CPU.ActiveCfg = Debug|Any CPU
		{11D9BD98-72A1-437E-B09E-E40D085DFDA9}.Debug|Any CPU.Build.0 = Debug|Any CPU
		{11D9BD98-72A1-437E-B09E-E40D085DFDA9}.Release|Any CPU.ActiveCfg = Release|Any CPU
		{11D9BD98-72A1-437E-B09E-E40D085DFDA9}.Release|Any CPU.Build.0 = Release|Any CPU
		{9EC8752D-9A1C-4C69-B669-F331C0259119}.Debug|Any CPU.ActiveCfg = Debug|Any CPU
		{9EC8752D-9A1C-4C69-B669-F331C0259119}.Debug|Any CPU.Build.0 = Debug|Any CPU
		{9EC8752D-9A1C-4C69-B669-F331C0259119}.Release|Any CPU.ActiveCfg = Release|Any CPU
		{9EC8752D-9A1C-4C69-B669-F331C0259119}.Release|Any CPU.Build.0 = Release|Any CPU
		{801539FD-F8AB-428E-88FF-B66A4B270D95}.Debug|Any CPU.ActiveCfg = Debug|Any CPU
		{801539FD-F8AB-428E-88FF-B66A4B270D95}.Debug|Any CPU.Build.0 = Debug|Any CPU
		{801539FD-F8AB-428E-88FF-B66A4B270D95}.Release|Any CPU.ActiveCfg = Release|Any CPU
		{801539FD-F8AB-428E-88FF-B66A4B270D95}.Release|Any CPU.Build.0 = Release|Any CPU
		{1D97BB01-7F4F-4986-90BD-DCD38129B341}.Debug|Any CPU.ActiveCfg = Debug|Any CPU
		{1D97BB01-7F4F-4986-90BD-DCD38129B341}.Debug|Any CPU.Build.0 = Debug|Any CPU
		{1D97BB01-7F4F-4986-90BD-DCD38129B341}.Release|Any CPU.ActiveCfg = Release|Any CPU
		{1D97BB01-7F4F-4986-90BD-DCD38129B341}.Release|Any CPU.Build.0 = Release|Any CPU
		{D79A6321-334F-45BF-8F8B-4B39A20CD207}.Debug|Any CPU.ActiveCfg = Debug|Any CPU
		{D79A6321-334F-45BF-8F8B-4B39A20CD207}.Debug|Any CPU.Build.0 = Debug|Any CPU
		{D79A6321-334F-45BF-8F8B-4B39A20CD207}.Release|Any CPU.ActiveCfg = Release|Any CPU
		{D79A6321-334F-45BF-8F8B-4B39A20CD207}.Release|Any CPU.Build.0 = Release|Any CPU
		{C69AD9AE-7AC4-4CC4-8535-19AFB3840134}.Debug|Any CPU.ActiveCfg = Debug|Any CPU
		{C69AD9AE-7AC4-4CC4-8535-19AFB3840134}.Debug|Any CPU.Build.0 = Debug|Any CPU
		{C69AD9AE-7AC4-4CC4-8535-19AFB3840134}.Release|Any CPU.ActiveCfg = Release|Any CPU
		{C69AD9AE-7AC4-4CC4-8535-19AFB3840134}.Release|Any CPU.Build.0 = Release|Any CPU
		{5C7C0737-F8A9-4A0E-81F0-0C08174C9F95}.Debug|Any CPU.ActiveCfg = Debug|Any CPU
		{5C7C0737-F8A9-4A0E-81F0-0C08174C9F95}.Debug|Any CPU.Build.0 = Debug|Any CPU
		{5C7C0737-F8A9-4A0E-81F0-0C08174C9F95}.Release|Any CPU.ActiveCfg = Release|Any CPU
		{5C7C0737-F8A9-4A0E-81F0-0C08174C9F95}.Release|Any CPU.Build.0 = Release|Any CPU
		{DE3452C3-4ECB-48BF-B061-99E8A5CB4AFB}.Debug|Any CPU.ActiveCfg = Debug|Any CPU
		{DE3452C3-4ECB-48BF-B061-99E8A5CB4AFB}.Debug|Any CPU.Build.0 = Debug|Any CPU
		{DE3452C3-4ECB-48BF-B061-99E8A5CB4AFB}.Release|Any CPU.ActiveCfg = Release|Any CPU
		{DE3452C3-4ECB-48BF-B061-99E8A5CB4AFB}.Release|Any CPU.Build.0 = Release|Any CPU
		{FEBCCB73-35DF-491C-BCB9-D7B95F5899E1}.Debug|Any CPU.ActiveCfg = Debug|Any CPU
		{FEBCCB73-35DF-491C-BCB9-D7B95F5899E1}.Debug|Any CPU.Build.0 = Debug|Any CPU
		{FEBCCB73-35DF-491C-BCB9-D7B95F5899E1}.Release|Any CPU.ActiveCfg = Release|Any CPU
		{FEBCCB73-35DF-491C-BCB9-D7B95F5899E1}.Release|Any CPU.Build.0 = Release|Any CPU
		{203C467B-DFDF-4A56-9DAE-26FCBFCD9535}.Debug|Any CPU.ActiveCfg = Debug|Any CPU
		{203C467B-DFDF-4A56-9DAE-26FCBFCD9535}.Debug|Any CPU.Build.0 = Debug|Any CPU
		{203C467B-DFDF-4A56-9DAE-26FCBFCD9535}.Release|Any CPU.ActiveCfg = Release|Any CPU
		{203C467B-DFDF-4A56-9DAE-26FCBFCD9535}.Release|Any CPU.Build.0 = Release|Any CPU
		{E7C9183F-0D3C-4D79-85B1-40C319DC6B22}.Debug|Any CPU.ActiveCfg = Debug|Any CPU
		{E7C9183F-0D3C-4D79-85B1-40C319DC6B22}.Debug|Any CPU.Build.0 = Debug|Any CPU
		{E7C9183F-0D3C-4D79-85B1-40C319DC6B22}.Release|Any CPU.ActiveCfg = Release|Any CPU
		{E7C9183F-0D3C-4D79-85B1-40C319DC6B22}.Release|Any CPU.Build.0 = Release|Any CPU
		{FD1C6616-86A0-4194-B31F-697A32AF3FDF}.Debug|Any CPU.ActiveCfg = Debug|Any CPU
		{FD1C6616-86A0-4194-B31F-697A32AF3FDF}.Debug|Any CPU.Build.0 = Debug|Any CPU
		{FD1C6616-86A0-4194-B31F-697A32AF3FDF}.Release|Any CPU.ActiveCfg = Release|Any CPU
		{FD1C6616-86A0-4194-B31F-697A32AF3FDF}.Release|Any CPU.Build.0 = Release|Any CPU
	EndGlobalSection
	GlobalSection(SolutionProperties) = preSolution
		HideSolutionNode = FALSE
	EndGlobalSection
	GlobalSection(NestedProjects) = preSolution
		{6CB6A748-A816-4162-B41B-5A7FDDB5F114} = {294D08DD-764A-451C-A7D7-BA9EDAABDC73}
		{492246AB-9511-410D-AF5B-D5F76CDB2A29} = {294D08DD-764A-451C-A7D7-BA9EDAABDC73}
		{273FF917-B3A7-4B68-8F43-1CDF53051D99} = {294D08DD-764A-451C-A7D7-BA9EDAABDC73}
		{17B2742B-FA35-4DEF-A7A9-2AD1491FDE37} = {6CB6A748-A816-4162-B41B-5A7FDDB5F114}
		{9244C2BC-D6CA-48CB-971E-E67540530758} = {6CB6A748-A816-4162-B41B-5A7FDDB5F114}
		{D4F66BF4-7A53-4836-A572-585C1B9F2CA0} = {6CB6A748-A816-4162-B41B-5A7FDDB5F114}
		{7CCF0272-AE4E-43FD-B779-EDCA9B7B14F2} = {6CB6A748-A816-4162-B41B-5A7FDDB5F114}
		{42309E8E-5280-4111-A954-E6445584F96A} = {6CB6A748-A816-4162-B41B-5A7FDDB5F114}
		{60C936A2-45BF-410E-A239-9A53D9C87DDF} = {492246AB-9511-410D-AF5B-D5F76CDB2A29}
		{D7908DBA-B6AF-4DF3-969B-3AF0C788BD5D} = {492246AB-9511-410D-AF5B-D5F76CDB2A29}
		{05279215-A962-48DA-BC4C-E01808E2E797} = {492246AB-9511-410D-AF5B-D5F76CDB2A29}
		{5B20210E-C0F1-4087-857F-7B05F0E4F4AA} = {492246AB-9511-410D-AF5B-D5F76CDB2A29}
		{FBFFBD74-3BCB-4C5B-82EC-D4F7A47DD2C8} = {492246AB-9511-410D-AF5B-D5F76CDB2A29}
		{7537B2D3-F6AE-4949-8853-1102811B7E8F} = {273FF917-B3A7-4B68-8F43-1CDF53051D99}
		{F062BCF5-0AC4-49CB-9656-DF99762B7D8F} = {273FF917-B3A7-4B68-8F43-1CDF53051D99}
		{575641E5-61B9-4F5C-96C1-96F66F4509D4} = {273FF917-B3A7-4B68-8F43-1CDF53051D99}
		{80205EC8-DD19-46A6-80D5-CDE2FE00B225} = {273FF917-B3A7-4B68-8F43-1CDF53051D99}
		{84AB82E9-DBC4-4D86-A0DF-59DF8129DBA4} = {273FF917-B3A7-4B68-8F43-1CDF53051D99}
		{A8B775D4-A43C-4B24-A244-36D4675D8D2A} = {7537B2D3-F6AE-4949-8853-1102811B7E8F}
		{E4C5C1BA-365F-414F-A54F-943EE75B33FA} = {F062BCF5-0AC4-49CB-9656-DF99762B7D8F}
		{D7043398-FC3B-471E-B276-161DECD6D10C} = {575641E5-61B9-4F5C-96C1-96F66F4509D4}
		{882D44B3-D32B-4208-9830-4B13447CE1DC} = {80205EC8-DD19-46A6-80D5-CDE2FE00B225}
		{5A5FE304-F3B8-43A1-84A0-4AB811F415B7} = {84AB82E9-DBC4-4D86-A0DF-59DF8129DBA4}
		{F796012A-E5BF-4DD8-A9BB-B2B6D82C5EBE} = {F062BCF5-0AC4-49CB-9656-DF99762B7D8F}
		{2AEE81EE-55E8-4670-A529-5D78CAC9789A} = {60C936A2-45BF-410E-A239-9A53D9C87DDF}
		{11D9BD98-72A1-437E-B09E-E40D085DFDA9} = {D7908DBA-B6AF-4DF3-969B-3AF0C788BD5D}
		{9EC8752D-9A1C-4C69-B669-F331C0259119} = {05279215-A962-48DA-BC4C-E01808E2E797}
		{801539FD-F8AB-428E-88FF-B66A4B270D95} = {5B20210E-C0F1-4087-857F-7B05F0E4F4AA}
		{1D97BB01-7F4F-4986-90BD-DCD38129B341} = {FBFFBD74-3BCB-4C5B-82EC-D4F7A47DD2C8}
		{D79A6321-334F-45BF-8F8B-4B39A20CD207} = {17B2742B-FA35-4DEF-A7A9-2AD1491FDE37}
		{C69AD9AE-7AC4-4CC4-8535-19AFB3840134} = {9244C2BC-D6CA-48CB-971E-E67540530758}
		{5C7C0737-F8A9-4A0E-81F0-0C08174C9F95} = {D4F66BF4-7A53-4836-A572-585C1B9F2CA0}
		{DE3452C3-4ECB-48BF-B061-99E8A5CB4AFB} = {7CCF0272-AE4E-43FD-B779-EDCA9B7B14F2}
		{FEBCCB73-35DF-491C-BCB9-D7B95F5899E1} = {42309E8E-5280-4111-A954-E6445584F96A}
		{203C467B-DFDF-4A56-9DAE-26FCBFCD9535} = {18DC9240-13BD-4AA3-AE9B-0E0FF6204C57}
		{E7C9183F-0D3C-4D79-85B1-40C319DC6B22} = {18DC9240-13BD-4AA3-AE9B-0E0FF6204C57}
		{FD1C6616-86A0-4194-B31F-697A32AF3FDF} = {18DC9240-13BD-4AA3-AE9B-0E0FF6204C57}
	EndGlobalSection
	GlobalSection(ExtensibilityGlobals) = postSolution
		SolutionGuid = {16115BE2-6DE3-4E91-AA21-996A0326BDF8}
	EndGlobalSection
EndGlobal
